// !$*UTF8*$!
{
	archiveVersion = 1;
	classes = {
	};
	objectVersion = 56;
	objects = {

/* Begin PBXBuildFile section */
		C5311A282A2B6BE300970876 /* RickMorty_GraphQLApp.swift in Sources */ = {isa = PBXBuildFile; fileRef = C5311A272A2B6BE300970876 /* RickMorty_GraphQLApp.swift */; };
		C5311A2A2A2B6BE300970876 /* HomeView.swift in Sources */ = {isa = PBXBuildFile; fileRef = C5311A292A2B6BE300970876 /* HomeView.swift */; };
		C5311A2C2A2B6BE600970876 /* Assets.xcassets in Resources */ = {isa = PBXBuildFile; fileRef = C5311A2B2A2B6BE600970876 /* Assets.xcassets */; };
		C5311A2F2A2B6BE600970876 /* Preview Assets.xcassets in Resources */ = {isa = PBXBuildFile; fileRef = C5311A2E2A2B6BE600970876 /* Preview Assets.xcassets */; };
		C5311A382A2B77CD00970876 /* MultipleCharacterResponse.swift in Sources */ = {isa = PBXBuildFile; fileRef = C5311A372A2B77CD00970876 /* MultipleCharacterResponse.swift */; };
		C5311A3A2A2B77F800970876 /* HomeViewModel.swift in Sources */ = {isa = PBXBuildFile; fileRef = C5311A392A2B77F800970876 /* HomeViewModel.swift */; };
		C5311A422A2B9D9E00970876 /* ListRowView.swift in Sources */ = {isa = PBXBuildFile; fileRef = C5311A412A2B9D9E00970876 /* ListRowView.swift */; };
		C5311A442A2B9DF500970876 /* Payload.swift in Sources */ = {isa = PBXBuildFile; fileRef = C5311A432A2B9DF500970876 /* Payload.swift */; };
		C5311A462A2B9EA300970876 /* DetailView.swift in Sources */ = {isa = PBXBuildFile; fileRef = C5311A452A2B9EA300970876 /* DetailView.swift */; };
		C5311A482A2BA03900970876 /* AsyncImageView.swift in Sources */ = {isa = PBXBuildFile; fileRef = C5311A472A2BA03900970876 /* AsyncImageView.swift */; };
		C5311A4A2A2BA25000970876 /* LabelView.swift in Sources */ = {isa = PBXBuildFile; fileRef = C5311A492A2BA25000970876 /* LabelView.swift */; };
		C5311A4C2A2BA3FD00970876 /* ErrorMessageView.swift in Sources */ = {isa = PBXBuildFile; fileRef = C5311A4B2A2BA3FD00970876 /* ErrorMessageView.swift */; };
/* End PBXBuildFile section */

/* Begin PBXFileReference section */
		C5311A242A2B6BE300970876 /* RickMorty-GraphQL.app */ = {isa = PBXFileReference; explicitFileType = wrapper.application; includeInIndex = 0; path = "RickMorty-GraphQL.app"; sourceTree = BUILT_PRODUCTS_DIR; };
		C5311A272A2B6BE300970876 /* RickMorty_GraphQLApp.swift */ = {isa = PBXFileReference; lastKnownFileType = sourcecode.swift; path = RickMorty_GraphQLApp.swift; sourceTree = "<group>"; };
		C5311A292A2B6BE300970876 /* HomeView.swift */ = {isa = PBXFileReference; lastKnownFileType = sourcecode.swift; path = HomeView.swift; sourceTree = "<group>"; };
		C5311A2B2A2B6BE600970876 /* Assets.xcassets */ = {isa = PBXFileReference; lastKnownFileType = folder.assetcatalog; path = Assets.xcassets; sourceTree = "<group>"; };
		C5311A2E2A2B6BE600970876 /* Preview Assets.xcassets */ = {isa = PBXFileReference; lastKnownFileType = folder.assetcatalog; path = "Preview Assets.xcassets"; sourceTree = "<group>"; };
		C5311A372A2B77CD00970876 /* MultipleCharacterResponse.swift */ = {isa = PBXFileReference; lastKnownFileType = sourcecode.swift; path = MultipleCharacterResponse.swift; sourceTree = "<group>"; };
		C5311A392A2B77F800970876 /* HomeViewModel.swift */ = {isa = PBXFileReference; lastKnownFileType = sourcecode.swift; path = HomeViewModel.swift; sourceTree = "<group>"; };
		C5311A412A2B9D9E00970876 /* ListRowView.swift */ = {isa = PBXFileReference; lastKnownFileType = sourcecode.swift; path = ListRowView.swift; sourceTree = "<group>"; };
		C5311A432A2B9DF500970876 /* Payload.swift */ = {isa = PBXFileReference; lastKnownFileType = sourcecode.swift; path = Payload.swift; sourceTree = "<group>"; };
		C5311A452A2B9EA300970876 /* DetailView.swift */ = {isa = PBXFileReference; lastKnownFileType = sourcecode.swift; path = DetailView.swift; sourceTree = "<group>"; };
		C5311A472A2BA03900970876 /* AsyncImageView.swift */ = {isa = PBXFileReference; lastKnownFileType = sourcecode.swift; path = AsyncImageView.swift; sourceTree = "<group>"; };
		C5311A492A2BA25000970876 /* LabelView.swift */ = {isa = PBXFileReference; lastKnownFileType = sourcecode.swift; path = LabelView.swift; sourceTree = "<group>"; };
		C5311A4B2A2BA3FD00970876 /* ErrorMessageView.swift */ = {isa = PBXFileReference; lastKnownFileType = sourcecode.swift; path = ErrorMessageView.swift; sourceTree = "<group>"; };
/* End PBXFileReference section */

/* Begin PBXFrameworksBuildPhase section */
		C5311A212A2B6BE300970876 /* Frameworks */ = {
			isa = PBXFrameworksBuildPhase;
			buildActionMask = 2147483647;
			files = (
			);
			runOnlyForDeploymentPostprocessing = 0;
		};
/* End PBXFrameworksBuildPhase section */

/* Begin PBXGroup section */
		C5311A1B2A2B6BE300970876 = {
			isa = PBXGroup;
			children = (
				C5311A262A2B6BE300970876 /* RickMorty-GraphQL */,
				C5311A252A2B6BE300970876 /* Products */,
			);
			sourceTree = "<group>";
		};
		C5311A252A2B6BE300970876 /* Products */ = {
			isa = PBXGroup;
			children = (
				C5311A242A2B6BE300970876 /* RickMorty-GraphQL.app */,
			);
			name = Products;
			sourceTree = "<group>";
		};
		C5311A262A2B6BE300970876 /* RickMorty-GraphQL */ = {
			isa = PBXGroup;
			children = (
				C5311A272A2B6BE300970876 /* RickMorty_GraphQLApp.swift */,
				C5311A292A2B6BE300970876 /* HomeView.swift */,
				C5311A452A2B9EA300970876 /* DetailView.swift */,
				C5311A402A2B9D8D00970876 /* CellViews */,
				C5311A3D2A2B9D6200970876 /* Models */,
				C5311A3F2A2B9D7200970876 /* ViewModel */,
				C5311A2B2A2B6BE600970876 /* Assets.xcassets */,
				C5311A2D2A2B6BE600970876 /* Preview Content */,
			);
			path = "RickMorty-GraphQL";
			sourceTree = "<group>";
		};
		C5311A2D2A2B6BE600970876 /* Preview Content */ = {
			isa = PBXGroup;
			children = (
				C5311A2E2A2B6BE600970876 /* Preview Assets.xcassets */,
			);
			path = "Preview Content";
			sourceTree = "<group>";
		};
		C5311A3D2A2B9D6200970876 /* Models */ = {
			isa = PBXGroup;
			children = (
				C5311A372A2B77CD00970876 /* MultipleCharacterResponse.swift */,
				C5311A432A2B9DF500970876 /* Payload.swift */,
			);
			path = Models;
			sourceTree = "<group>";
		};
		C5311A3F2A2B9D7200970876 /* ViewModel */ = {
			isa = PBXGroup;
			children = (
				C5311A392A2B77F800970876 /* HomeViewModel.swift */,
			);
			path = ViewModel;
			sourceTree = "<group>";
		};
		C5311A402A2B9D8D00970876 /* CellViews */ = {
			isa = PBXGroup;
			children = (
				C5311A412A2B9D9E00970876 /* ListRowView.swift */,
				C5311A492A2BA25000970876 /* LabelView.swift */,
				C5311A4B2A2BA3FD00970876 /* ErrorMessageView.swift */,
				C5311A472A2BA03900970876 /* AsyncImageView.swift */,
			);
			path = CellViews;
			sourceTree = "<group>";
		};
/* End PBXGroup section */

/* Begin PBXNativeTarget section */
		C5311A232A2B6BE300970876 /* RickMorty-GraphQL */ = {
			isa = PBXNativeTarget;
			buildConfigurationList = C5311A322A2B6BE600970876 /* Build configuration list for PBXNativeTarget "RickMorty-GraphQL" */;
			buildPhases = (
				C5311A202A2B6BE300970876 /* Sources */,
				C5311A212A2B6BE300970876 /* Frameworks */,
				C5311A222A2B6BE300970876 /* Resources */,
			);
			buildRules = (
			);
			dependencies = (
			);
			name = "RickMorty-GraphQL";
			productName = "RickMorty-GraphQL";
			productReference = C5311A242A2B6BE300970876 /* RickMorty-GraphQL.app */;
			productType = "com.apple.product-type.application";
		};
/* End PBXNativeTarget section */

/* Begin PBXProject section */
		C5311A1C2A2B6BE300970876 /* Project object */ = {
			isa = PBXProject;
			attributes = {
				BuildIndependentTargetsInParallel = 1;
				LastSwiftUpdateCheck = 1400;
				LastUpgradeCheck = 1400;
				TargetAttributes = {
					C5311A232A2B6BE300970876 = {
						CreatedOnToolsVersion = 14.0;
					};
				};
			};
			buildConfigurationList = C5311A1F2A2B6BE300970876 /* Build configuration list for PBXProject "RickMorty-GraphQL" */;
			compatibilityVersion = "Xcode 14.0";
			developmentRegion = en;
			hasScannedForEncodings = 0;
			knownRegions = (
				en,
				Base,
			);
			mainGroup = C5311A1B2A2B6BE300970876;
			productRefGroup = C5311A252A2B6BE300970876 /* Products */;
			projectDirPath = "";
			projectRoot = "";
			targets = (
				C5311A232A2B6BE300970876 /* RickMorty-GraphQL */,
			);
		};
/* End PBXProject section */

/* Begin PBXResourcesBuildPhase section */
		C5311A222A2B6BE300970876 /* Resources */ = {
			isa = PBXResourcesBuildPhase;
			buildActionMask = 2147483647;
			files = (
				C5311A2F2A2B6BE600970876 /* Preview Assets.xcassets in Resources */,
				C5311A2C2A2B6BE600970876 /* Assets.xcassets in Resources */,
			);
			runOnlyForDeploymentPostprocessing = 0;
		};
/* End PBXResourcesBuildPhase section */

/* Begin PBXSourcesBuildPhase section */
		C5311A202A2B6BE300970876 /* Sources */ = {
			isa = PBXSourcesBuildPhase;
			buildActionMask = 2147483647;
			files = (
				C5311A462A2B9EA300970876 /* DetailView.swift in Sources */,
				C5311A4C2A2BA3FD00970876 /* ErrorMessageView.swift in Sources */,
				C5311A422A2B9D9E00970876 /* ListRowView.swift in Sources */,
				C5311A442A2B9DF500970876 /* Payload.swift in Sources */,
				C5311A2A2A2B6BE300970876 /* HomeView.swift in Sources */,
				C5311A482A2BA03900970876 /* AsyncImageView.swift in Sources */,
				C5311A382A2B77CD00970876 /* MultipleCharacterResponse.swift in Sources */,
				C5311A3A2A2B77F800970876 /* HomeViewModel.swift in Sources */,
				C5311A282A2B6BE300970876 /* RickMorty_GraphQLApp.swift in Sources */,
				C5311A4A2A2BA25000970876 /* LabelView.swift in Sources */,
			);
			runOnlyForDeploymentPostprocessing = 0;
		};
/* End PBXSourcesBuildPhase section */

/* Begin XCBuildConfiguration section */
		C5311A302A2B6BE600970876 /* Debug */ = {
			isa = XCBuildConfiguration;
			buildSettings = {
				ALWAYS_SEARCH_USER_PATHS = NO;
				CLANG_ANALYZER_NONNULL = YES;
				CLANG_ANALYZER_NUMBER_OBJECT_CONVERSION = YES_AGGRESSIVE;
				CLANG_CXX_LANGUAGE_STANDARD = "gnu++20";
				CLANG_ENABLE_MODULES = YES;
				CLANG_ENABLE_OBJC_ARC = YES;
				CLANG_ENABLE_OBJC_WEAK = YES;
				CLANG_WARN_BLOCK_CAPTURE_AUTORELEASING = YES;
				CLANG_WARN_BOOL_CONVERSION = YES;
				CLANG_WARN_COMMA = YES;
				CLANG_WARN_CONSTANT_CONVERSION = YES;
				CLANG_WARN_DEPRECATED_OBJC_IMPLEMENTATIONS = YES;
				CLANG_WARN_DIRECT_OBJC_ISA_USAGE = YES_ERROR;
				CLANG_WARN_DOCUMENTATION_COMMENTS = YES;
				CLANG_WARN_EMPTY_BODY = YES;
				CLANG_WARN_ENUM_CONVERSION = YES;
				CLANG_WARN_INFINITE_RECURSION = YES;
				CLANG_WARN_INT_CONVERSION = YES;
				CLANG_WARN_NON_LITERAL_NULL_CONVERSION = YES;
				CLANG_WARN_OBJC_IMPLICIT_RETAIN_SELF = YES;
				CLANG_WARN_OBJC_LITERAL_CONVERSION = YES;
				CLANG_WARN_OBJC_ROOT_CLASS = YES_ERROR;
				CLANG_WARN_QUOTED_INCLUDE_IN_FRAMEWORK_HEADER = YES;
				CLANG_WARN_RANGE_LOOP_ANALYSIS = YES;
				CLANG_WARN_STRICT_PROTOTYPES = YES;
				CLANG_WARN_SUSPICIOUS_MOVE = YES;
				CLANG_WARN_UNGUARDED_AVAILABILITY = YES_AGGRESSIVE;
				CLANG_WARN_UNREACHABLE_CODE = YES;
				CLANG_WARN__DUPLICATE_METHOD_MATCH = YES;
				COPY_PHASE_STRIP = NO;
				DEBUG_INFORMATION_FORMAT = dwarf;
				ENABLE_STRICT_OBJC_MSGSEND = YES;
				ENABLE_TESTABILITY = YES;
				GCC_C_LANGUAGE_STANDARD = gnu11;
				GCC_DYNAMIC_NO_PIC = NO;
				GCC_NO_COMMON_BLOCKS = YES;
				GCC_OPTIMIZATION_LEVEL = 0;
				GCC_PREPROCESSOR_DEFINITIONS = (
					"DEBUG=1",
					"$(inherited)",
				);
				GCC_WARN_64_TO_32_BIT_CONVERSION = YES;
				GCC_WARN_ABOUT_RETURN_TYPE = YES_ERROR;
				GCC_WARN_UNDECLARED_SELECTOR = YES;
				GCC_WARN_UNINITIALIZED_AUTOS = YES_AGGRESSIVE;
				GCC_WARN_UNUSED_FUNCTION = YES;
				GCC_WARN_UNUSED_VARIABLE = YES;
				IPHONEOS_DEPLOYMENT_TARGET = 16.0;
				MTL_ENABLE_DEBUG_INFO = INCLUDE_SOURCE;
				MTL_FAST_MATH = YES;
				ONLY_ACTIVE_ARCH = YES;
				SDKROOT = iphoneos;
				SWIFT_ACTIVE_COMPILATION_CONDITIONS = DEBUG;
				SWIFT_OPTIMIZATION_LEVEL = "-Onone";
			};
			name = Debug;
		};
		C5311A312A2B6BE600970876 /* Release */ = {
			isa = XCBuildConfiguration;
			buildSettings = {
				ALWAYS_SEARCH_USER_PATHS = NO;
				CLANG_ANALYZER_NONNULL = YES;
				CLANG_ANALYZER_NUMBER_OBJECT_CONVERSION = YES_AGGRESSIVE;
				CLANG_CXX_LANGUAGE_STANDARD = "gnu++20";
				CLANG_ENABLE_MODULES = YES;
				CLANG_ENABLE_OBJC_ARC = YES;
				CLANG_ENABLE_OBJC_WEAK = YES;
				CLANG_WARN_BLOCK_CAPTURE_AUTORELEASING = YES;
				CLANG_WARN_BOOL_CONVERSION = YES;
				CLANG_WARN_COMMA = YES;
				CLANG_WARN_CONSTANT_CONVERSION = YES;
				CLANG_WARN_DEPRECATED_OBJC_IMPLEMENTATIONS = YES;
				CLANG_WARN_DIRECT_OBJC_ISA_USAGE = YES_ERROR;
				CLANG_WARN_DOCUMENTATION_COMMENTS = YES;
				CLANG_WARN_EMPTY_BODY = YES;
				CLANG_WARN_ENUM_CONVERSION = YES;
				CLANG_WARN_INFINITE_RECURSION = YES;
				CLANG_WARN_INT_CONVERSION = YES;
				CLANG_WARN_NON_LITERAL_NULL_CONVERSION = YES;
				CLANG_WARN_OBJC_IMPLICIT_RETAIN_SELF = YES;
				CLANG_WARN_OBJC_LITERAL_CONVERSION = YES;
				CLANG_WARN_OBJC_ROOT_CLASS = YES_ERROR;
				CLANG_WARN_QUOTED_INCLUDE_IN_FRAMEWORK_HEADER = YES;
				CLANG_WARN_RANGE_LOOP_ANALYSIS = YES;
				CLANG_WARN_STRICT_PROTOTYPES = YES;
				CLANG_WARN_SUSPICIOUS_MOVE = YES;
				CLANG_WARN_UNGUARDED_AVAILABILITY = YES_AGGRESSIVE;
				CLANG_WARN_UNREACHABLE_CODE = YES;
				CLANG_WARN__DUPLICATE_METHOD_MATCH = YES;
				COPY_PHASE_STRIP = NO;
				DEBUG_INFORMATION_FORMAT = "dwarf-with-dsym";
				ENABLE_NS_ASSERTIONS = NO;
				ENABLE_STRICT_OBJC_MSGSEND = YES;
				GCC_C_LANGUAGE_STANDARD = gnu11;
				GCC_NO_COMMON_BLOCKS = YES;
				GCC_WARN_64_TO_32_BIT_CONVERSION = YES;
				GCC_WARN_ABOUT_RETURN_TYPE = YES_ERROR;
				GCC_WARN_UNDECLARED_SELECTOR = YES;
				GCC_WARN_UNINITIALIZED_AUTOS = YES_AGGRESSIVE;
				GCC_WARN_UNUSED_FUNCTION = YES;
				GCC_WARN_UNUSED_VARIABLE = YES;
				IPHONEOS_DEPLOYMENT_TARGET = 16.0;
				MTL_ENABLE_DEBUG_INFO = NO;
				MTL_FAST_MATH = YES;
				SDKROOT = iphoneos;
				SWIFT_COMPILATION_MODE = wholemodule;
				SWIFT_OPTIMIZATION_LEVEL = "-O";
				VALIDATE_PRODUCT = YES;
			};
			name = Release;
		};
		C5311A332A2B6BE600970876 /* Debug */ = {
			isa = XCBuildConfiguration;
			buildSettings = {
				ASSETCATALOG_COMPILER_APPICON_NAME = AppIcon;
				ASSETCATALOG_COMPILER_GLOBAL_ACCENT_COLOR_NAME = AccentColor;
				CODE_SIGN_STYLE = Automatic;
				CURRENT_PROJECT_VERSION = 1;
				DEVELOPMENT_ASSET_PATHS = "\"RickMorty-GraphQL/Preview Content\"";
				DEVELOPMENT_TEAM = ACWFM7MFL5;
				ENABLE_PREVIEWS = YES;
				GENERATE_INFOPLIST_FILE = YES;
				INFOPLIST_KEY_UIApplicationSceneManifest_Generation = YES;
				INFOPLIST_KEY_UIApplicationSupportsIndirectInputEvents = YES;
				INFOPLIST_KEY_UILaunchScreen_Generation = YES;
				INFOPLIST_KEY_UISupportedInterfaceOrientations_iPad = "UIInterfaceOrientationPortrait UIInterfaceOrientationPortraitUpsideDown UIInterfaceOrientationLandscapeLeft UIInterfaceOrientationLandscapeRight";
				INFOPLIST_KEY_UISupportedInterfaceOrientations_iPhone = "UIInterfaceOrientationPortrait UIInterfaceOrientationLandscapeLeft UIInterfaceOrientationLandscapeRight";
				IPHONEOS_DEPLOYMENT_TARGET = 15.0;
				LD_RUNPATH_SEARCH_PATHS = (
					"$(inherited)",
					"@executable_path/Frameworks",
				);
				MARKETING_VERSION = 1.0;
				PRODUCT_BUNDLE_IDENTIFIER = "com.NadimChoudhury.RickMorty-GraphQL";
				PRODUCT_NAME = "$(TARGET_NAME)";
				SWIFT_EMIT_LOC_STRINGS = YES;
				SWIFT_VERSION = 5.0;
				TARGETED_DEVICE_FAMILY = "1,2";
			};
			name = Debug;
		};
		C5311A342A2B6BE600970876 /* Release */ = {
			isa = XCBuildConfiguration;
			buildSettings = {
				ASSETCATALOG_COMPILER_APPICON_NAME = AppIcon;
				ASSETCATALOG_COMPILER_GLOBAL_ACCENT_COLOR_NAME = AccentColor;
				CODE_SIGN_STYLE = Automatic;
				CURRENT_PROJECT_VERSION = 1;
				DEVELOPMENT_ASSET_PATHS = "\"RickMorty-GraphQL/Preview Content\"";
				DEVELOPMENT_TEAM = ACWFM7MFL5;
				ENABLE_PREVIEWS = YES;
				GENERATE_INFOPLIST_FILE = YES;
				INFOPLIST_KEY_UIApplicationSceneManifest_Generation = YES;
				INFOPLIST_KEY_UIApplicationSupportsIndirectInputEvents = YES;
				INFOPLIST_KEY_UILaunchScreen_Generation = YES;
				INFOPLIST_KEY_UISupportedInterfaceOrientations_iPad = "UIInterfaceOrientationPortrait UIInterfaceOrientationPortraitUpsideDown UIInterfaceOrientationLandscapeLeft UIInterfaceOrientationLandscapeRight";
				INFOPLIST_KEY_UISupportedInterfaceOrientations_iPhone = "UIInterfaceOrientationPortrait UIInterfaceOrientationLandscapeLeft UIInterfaceOrientationLandscapeRight";
				IPHONEOS_DEPLOYMENT_TARGET = 15.0;
				LD_RUNPATH_SEARCH_PATHS = (
					"$(inherited)",
					"@executable_path/Frameworks",
				);
				MARKETING_VERSION = 1.0;
				PRODUCT_BUNDLE_IDENTIFIER = "com.NadimChoudhury.RickMorty-GraphQL";
				PRODUCT_NAME = "$(TARGET_NAME)";
				SWIFT_EMIT_LOC_STRINGS = YES;
				SWIFT_VERSION = 5.0;
				TARGETED_DEVICE_FAMILY = "1,2";
			};
			name = Release;
		};
/* End XCBuildConfiguration section */

/* Begin XCConfigurationList section */
		C5311A1F2A2B6BE300970876 /* Build configuration list for PBXProject "RickMorty-GraphQL" */ = {
			isa = XCConfigurationList;
			buildConfigurations = (
				C5311A302A2B6BE600970876 /* Debug */,
				C5311A312A2B6BE600970876 /* Release */,
			);
			defaultConfigurationIsVisible = 0;
			defaultConfigurationName = Release;
		};
		C5311A322A2B6BE600970876 /* Build configuration list for PBXNativeTarget "RickMorty-GraphQL" */ = {
			isa = XCConfigurationList;
			buildConfigurations = (
				C5311A332A2B6BE600970876 /* Debug */,
				C5311A342A2B6BE600970876 /* Release */,
			);
			defaultConfigurationIsVisible = 0;
			defaultConfigurationName = Release;
		};
/* End XCConfigurationList section */
	};
	rootObject = C5311A1C2A2B6BE300970876 /* Project object */;
}
